
Microsoft Visual Studio Solution File, Format Version 12.00
# Visual Studio Version 16
VisualStudioVersion = 16.0.29905.134
MinimumVisualStudioVersion = 10.0.40219.1
Project("{FAE04EC0-301F-11D3-BF4B-00C04F79EFBC}") = "Yummy", "Yummy.csproj", "{525AAFD1-A2F0-42DC-9E7F-3A3877145CB8}"
EndProject
Global
	GlobalSection(SolutionConfigurationPlatforms) = preSolution
		Debug|Any CPU = Debug|Any CPU
		Release|Any CPU = Release|Any CPU
	EndGlobalSection
	GlobalSection(ProjectConfigurationPlatforms) = postSolution
		{525AAFD1-A2F0-42DC-9E7F-3A3877145CB8}.Debug|Any CPU.ActiveCfg = Debug|Any CPU
		{525AAFD1-A2F0-42DC-9E7F-3A3877145CB8}.Debug|Any CPU.Build.0 = Debug|Any CPU
		{525AAFD1-A2F0-42DC-9E7F-3A3877145CB8}.Release|Any CPU.ActiveCfg = Release|Any CPU
		{525AAFD1-A2F0-42DC-9E7F-3A3877145CB8}.Release|Any CPU.Build.0 = Release|Any CPU
	EndGlobalSection
	GlobalSection(SolutionProperties) = preSolution
		HideSolutionNode = FALSE
	EndGlobalSection
	GlobalSection(ExtensibilityGlobals) = postSolution
		SolutionGuid = {68F86651-C89E-4D68-9387-779E9ADBFDEA}
	EndGlobalSection
EndGlobal
