
Microsoft Visual Studio Solution File, Format Version 12.00
# Visual Studio Version 16
VisualStudioVersion = 16.0.29905.134
MinimumVisualStudioVersion = 10.0.40219.1
Project("{FAE04EC0-301F-11D3-BF4B-00C04F79EFBC}") = "YummyApi", "YummyApi.csproj", "{C3DD1458-321D-4836-A136-0D560BA8E65F}"
EndProject
Global
	GlobalSection(SolutionConfigurationPlatforms) = preSolution
		Debug|Any CPU = Debug|Any CPU
		Release|Any CPU = Release|Any CPU
	EndGlobalSection
	GlobalSection(ProjectConfigurationPlatforms) = postSolution
		{C3DD1458-321D-4836-A136-0D560BA8E65F}.Debug|Any CPU.ActiveCfg = Debug|Any CPU
		{C3DD1458-321D-4836-A136-0D560BA8E65F}.Debug|Any CPU.Build.0 = Debug|Any CPU
		{C3DD1458-321D-4836-A136-0D560BA8E65F}.Release|Any CPU.ActiveCfg = Release|Any CPU
		{C3DD1458-321D-4836-A136-0D560BA8E65F}.Release|Any CPU.Build.0 = Release|Any CPU
	EndGlobalSection
	GlobalSection(SolutionProperties) = preSolution
		HideSolutionNode = FALSE
	EndGlobalSection
	GlobalSection(ExtensibilityGlobals) = postSolution
		SolutionGuid = {251D8FAE-F10A-4AD6-A5D8-F99D205B563A}
	EndGlobalSection
EndGlobal
