
Microsoft Visual Studio Solution File, Format Version 12.00
# Visual Studio Version 16
VisualStudioVersion = 16.0.29905.134
MinimumVisualStudioVersion = 10.0.40219.1
Project("{FAE04EC0-301F-11D3-BF4B-00C04F79EFBC}") = "YummyRestApi", "YummyRestApi.csproj", "{A35CB11D-EC1B-4246-BC42-AE65C5645543}"
EndProject
Global
	GlobalSection(SolutionConfigurationPlatforms) = preSolution
		Debug|Any CPU = Debug|Any CPU
		Release|Any CPU = Release|Any CPU
	EndGlobalSection
	GlobalSection(ProjectConfigurationPlatforms) = postSolution
		{A35CB11D-EC1B-4246-BC42-AE65C5645543}.Debug|Any CPU.ActiveCfg = Debug|Any CPU
		{A35CB11D-EC1B-4246-BC42-AE65C5645543}.Debug|Any CPU.Build.0 = Debug|Any CPU
		{A35CB11D-EC1B-4246-BC42-AE65C5645543}.Release|Any CPU.ActiveCfg = Release|Any CPU
		{A35CB11D-EC1B-4246-BC42-AE65C5645543}.Release|Any CPU.Build.0 = Release|Any CPU
	EndGlobalSection
	GlobalSection(SolutionProperties) = preSolution
		HideSolutionNode = FALSE
	EndGlobalSection
	GlobalSection(ExtensibilityGlobals) = postSolution
		SolutionGuid = {75A265C7-B3A9-4981-91B3-AE4FCD5E17E6}
	EndGlobalSection
EndGlobal
